// !$*UTF8*$!
{
	archiveVersion = 1;
	classes = {
	};
	objectVersion = 50;
	objects = {

/* Begin PBXBuildFile section */
		AB64AA2220E59F7D00491A81 /* Heap.swift in Sources */ = {isa = PBXBuildFile; fileRef = AB64AA2120E59F7D00491A81 /* Heap.swift */; };
		AB64AA2420E59F9100491A81 /* HeapTests.swift in Sources */ = {isa = PBXBuildFile; fileRef = AB64AA2320E59F9100491A81 /* HeapTests.swift */; };
		AB64AA2920E8973400491A81 /* ReverseString.swift in Sources */ = {isa = PBXBuildFile; fileRef = AB64AA2820E8973400491A81 /* ReverseString.swift */; };
		AB64AA2B20E8985E00491A81 /* ReverseString.swift in Sources */ = {isa = PBXBuildFile; fileRef = AB64AA2A20E8985E00491A81 /* ReverseString.swift */; };
		AB64AA3020E8A85C00491A81 /* RemoveDuplicateArray.swift in Sources */ = {isa = PBXBuildFile; fileRef = AB64AA2F20E8A85C00491A81 /* RemoveDuplicateArray.swift */; };
		AB64AA3220E8ACAC00491A81 /* TwoSum.swift in Sources */ = {isa = PBXBuildFile; fileRef = AB64AA3120E8ACAC00491A81 /* TwoSum.swift */; };
		ABA43A6B20E4D3FC005A198D /* AppDelegate.swift in Sources */ = {isa = PBXBuildFile; fileRef = ABA43A6A20E4D3FC005A198D /* AppDelegate.swift */; };
		ABA43A6D20E4D3FC005A198D /* ViewController.swift in Sources */ = {isa = PBXBuildFile; fileRef = ABA43A6C20E4D3FC005A198D /* ViewController.swift */; };
		ABA43A7020E4D3FD005A198D /* Main.storyboard in Resources */ = {isa = PBXBuildFile; fileRef = ABA43A6E20E4D3FD005A198D /* Main.storyboard */; };
		ABA43A7220E4D3FE005A198D /* Assets.xcassets in Resources */ = {isa = PBXBuildFile; fileRef = ABA43A7120E4D3FE005A198D /* Assets.xcassets */; };
		ABA43A7520E4D3FE005A198D /* LaunchScreen.storyboard in Resources */ = {isa = PBXBuildFile; fileRef = ABA43A7320E4D3FE005A198D /* LaunchScreen.storyboard */; };
		ABA43A8020E4D3FE005A198D /* ShineOnTests.swift in Sources */ = {isa = PBXBuildFile; fileRef = ABA43A7F20E4D3FE005A198D /* ShineOnTests.swift */; };
/* End PBXBuildFile section */

/* Begin PBXContainerItemProxy section */
		ABA43A7C20E4D3FE005A198D /* PBXContainerItemProxy */ = {
			isa = PBXContainerItemProxy;
			containerPortal = ABA43A5F20E4D3FC005A198D /* Project object */;
			proxyType = 1;
			remoteGlobalIDString = ABA43A6620E4D3FC005A198D;
			remoteInfo = ShineOn;
		};
/* End PBXContainerItemProxy section */

/* Begin PBXFileReference section */
		AB64AA2120E59F7D00491A81 /* Heap.swift */ = {isa = PBXFileReference; lastKnownFileType = sourcecode.swift; path = Heap.swift; sourceTree = "<group>"; };
		AB64AA2320E59F9100491A81 /* HeapTests.swift */ = {isa = PBXFileReference; lastKnownFileType = sourcecode.swift; path = HeapTests.swift; sourceTree = "<group>"; };
		AB64AA2820E8973400491A81 /* ReverseString.swift */ = {isa = PBXFileReference; lastKnownFileType = sourcecode.swift; path = ReverseString.swift; sourceTree = "<group>"; };
		AB64AA2A20E8985E00491A81 /* ReverseString.swift */ = {isa = PBXFileReference; lastKnownFileType = sourcecode.swift; path = ReverseString.swift; sourceTree = "<group>"; };
		AB64AA2F20E8A85C00491A81 /* RemoveDuplicateArray.swift */ = {isa = PBXFileReference; lastKnownFileType = sourcecode.swift; path = RemoveDuplicateArray.swift; sourceTree = "<group>"; };
		AB64AA3120E8ACAC00491A81 /* TwoSum.swift */ = {isa = PBXFileReference; lastKnownFileType = sourcecode.swift; path = TwoSum.swift; sourceTree = "<group>"; };
		ABA43A6720E4D3FC005A198D /* ShineOn.app */ = {isa = PBXFileReference; explicitFileType = wrapper.application; includeInIndex = 0; path = ShineOn.app; sourceTree = BUILT_PRODUCTS_DIR; };
		ABA43A6A20E4D3FC005A198D /* AppDelegate.swift */ = {isa = PBXFileReference; lastKnownFileType = sourcecode.swift; path = AppDelegate.swift; sourceTree = "<group>"; };
		ABA43A6C20E4D3FC005A198D /* ViewController.swift */ = {isa = PBXFileReference; lastKnownFileType = sourcecode.swift; path = ViewController.swift; sourceTree = "<group>"; };
		ABA43A6F20E4D3FD005A198D /* Base */ = {isa = PBXFileReference; lastKnownFileType = file.storyboard; name = Base; path = Base.lproj/Main.storyboard; sourceTree = "<group>"; };
		ABA43A7120E4D3FE005A198D /* Assets.xcassets */ = {isa = PBXFileReference; lastKnownFileType = folder.assetcatalog; path = Assets.xcassets; sourceTree = "<group>"; };
		ABA43A7420E4D3FE005A198D /* Base */ = {isa = PBXFileReference; lastKnownFileType = file.storyboard; name = Base; path = Base.lproj/LaunchScreen.storyboard; sourceTree = "<group>"; };
		ABA43A7620E4D3FE005A198D /* Info.plist */ = {isa = PBXFileReference; lastKnownFileType = text.plist.xml; path = Info.plist; sourceTree = "<group>"; };
		ABA43A7B20E4D3FE005A198D /* ShineOnTests.xctest */ = {isa = PBXFileReference; explicitFileType = wrapper.cfbundle; includeInIndex = 0; path = ShineOnTests.xctest; sourceTree = BUILT_PRODUCTS_DIR; };
		ABA43A7F20E4D3FE005A198D /* ShineOnTests.swift */ = {isa = PBXFileReference; lastKnownFileType = sourcecode.swift; path = ShineOnTests.swift; sourceTree = "<group>"; };
		ABA43A8120E4D3FE005A198D /* Info.plist */ = {isa = PBXFileReference; lastKnownFileType = text.plist.xml; path = Info.plist; sourceTree = "<group>"; };
/* End PBXFileReference section */

/* Begin PBXFrameworksBuildPhase section */
		ABA43A6420E4D3FC005A198D /* Frameworks */ = {
			isa = PBXFrameworksBuildPhase;
			buildActionMask = 2147483647;
			files = (
			);
			runOnlyForDeploymentPostprocessing = 0;
		};
		ABA43A7820E4D3FE005A198D /* Frameworks */ = {
			isa = PBXFrameworksBuildPhase;
			buildActionMask = 2147483647;
			files = (
			);
			runOnlyForDeploymentPostprocessing = 0;
		};
/* End PBXFrameworksBuildPhase section */

/* Begin PBXGroup section */
		AB64AA1E20E4E26900491A81 /* Supported files */ = {
			isa = PBXGroup;
			children = (
				ABA43A6A20E4D3FC005A198D /* AppDelegate.swift */,
				ABA43A6C20E4D3FC005A198D /* ViewController.swift */,
				ABA43A6E20E4D3FD005A198D /* Main.storyboard */,
				ABA43A7120E4D3FE005A198D /* Assets.xcassets */,
				ABA43A7320E4D3FE005A198D /* LaunchScreen.storyboard */,
			);
			path = "Supported files";
			sourceTree = "<group>";
		};
		AB64AA1F20E59F6000491A81 /* Data Structures */ = {
			isa = PBXGroup;
			children = (
				AB64AA2120E59F7D00491A81 /* Heap.swift */,
			);
			path = "Data Structures";
			sourceTree = "<group>";
		};
		AB64AA2020E59F6A00491A81 /* Data Structures */ = {
			isa = PBXGroup;
			children = (
				AB64AA2320E59F9100491A81 /* HeapTests.swift */,
			);
			path = "Data Structures";
			sourceTree = "<group>";
		};
		AB64AA2520E8970600491A81 /* Practices */ = {
			isa = PBXGroup;
			children = (
				AB64AA2C20E8A83000491A81 /* Array */,
				AB64AA2720E8972900491A81 /* String */,
			);
			path = Practices;
			sourceTree = "<group>";
		};
		AB64AA2620E8972000491A81 /* Practices */ = {
			isa = PBXGroup;
			children = (
				AB64AA2D20E8A83F00491A81 /* Array */,
				AB64AA2E20E8A84600491A81 /* String */,
			);
			path = Practices;
			sourceTree = "<group>";
		};
		AB64AA2720E8972900491A81 /* String */ = {
			isa = PBXGroup;
			children = (
				AB64AA2820E8973400491A81 /* ReverseString.swift */,
			);
			path = String;
			sourceTree = "<group>";
		};
		AB64AA2C20E8A83000491A81 /* Array */ = {
			isa = PBXGroup;
			children = (
				AB64AA2F20E8A85C00491A81 /* RemoveDuplicateArray.swift */,
				AB64AA3120E8ACAC00491A81 /* TwoSum.swift */,
			);
			path = Array;
			sourceTree = "<group>";
		};
		AB64AA2D20E8A83F00491A81 /* Array */ = {
			isa = PBXGroup;
			children = (
			);
			path = Array;
			sourceTree = "<group>";
		};
		AB64AA2E20E8A84600491A81 /* String */ = {
			isa = PBXGroup;
			children = (
				AB64AA2A20E8985E00491A81 /* ReverseString.swift */,
			);
			path = String;
			sourceTree = "<group>";
		};
		ABA43A5E20E4D3FC005A198D = {
			isa = PBXGroup;
			children = (
				ABA43A6920E4D3FC005A198D /* ShineOn */,
				ABA43A7E20E4D3FE005A198D /* ShineOnTests */,
				ABA43A6820E4D3FC005A198D /* Products */,
			);
			sourceTree = "<group>";
		};
		ABA43A6820E4D3FC005A198D /* Products */ = {
			isa = PBXGroup;
			children = (
				ABA43A6720E4D3FC005A198D /* ShineOn.app */,
				ABA43A7B20E4D3FE005A198D /* ShineOnTests.xctest */,
			);
			name = Products;
			sourceTree = "<group>";
		};
		ABA43A6920E4D3FC005A198D /* ShineOn */ = {
			isa = PBXGroup;
			children = (
				AB64AA2520E8970600491A81 /* Practices */,
				AB64AA1F20E59F6000491A81 /* Data Structures */,
				AB64AA1E20E4E26900491A81 /* Supported files */,
				ABA43A7620E4D3FE005A198D /* Info.plist */,
			);
			path = ShineOn;
			sourceTree = "<group>";
		};
		ABA43A7E20E4D3FE005A198D /* ShineOnTests */ = {
			isa = PBXGroup;
			children = (
				AB64AA2620E8972000491A81 /* Practices */,
				AB64AA2020E59F6A00491A81 /* Data Structures */,
				ABA43A7F20E4D3FE005A198D /* ShineOnTests.swift */,
				ABA43A8120E4D3FE005A198D /* Info.plist */,
			);
			path = ShineOnTests;
			sourceTree = "<group>";
		};
/* End PBXGroup section */

/* Begin PBXNativeTarget section */
		ABA43A6620E4D3FC005A198D /* ShineOn */ = {
			isa = PBXNativeTarget;
			buildConfigurationList = ABA43A8420E4D3FE005A198D /* Build configuration list for PBXNativeTarget "ShineOn" */;
			buildPhases = (
				ABA43A6320E4D3FC005A198D /* Sources */,
				ABA43A6420E4D3FC005A198D /* Frameworks */,
				ABA43A6520E4D3FC005A198D /* Resources */,
			);
			buildRules = (
			);
			dependencies = (
			);
			name = ShineOn;
			productName = ShineOn;
			productReference = ABA43A6720E4D3FC005A198D /* ShineOn.app */;
			productType = "com.apple.product-type.application";
		};
		ABA43A7A20E4D3FE005A198D /* ShineOnTests */ = {
			isa = PBXNativeTarget;
			buildConfigurationList = ABA43A8720E4D3FE005A198D /* Build configuration list for PBXNativeTarget "ShineOnTests" */;
			buildPhases = (
				ABA43A7720E4D3FE005A198D /* Sources */,
				ABA43A7820E4D3FE005A198D /* Frameworks */,
				ABA43A7920E4D3FE005A198D /* Resources */,
			);
			buildRules = (
			);
			dependencies = (
				ABA43A7D20E4D3FE005A198D /* PBXTargetDependency */,
			);
			name = ShineOnTests;
			productName = ShineOnTests;
			productReference = ABA43A7B20E4D3FE005A198D /* ShineOnTests.xctest */;
			productType = "com.apple.product-type.bundle.unit-test";
		};
/* End PBXNativeTarget section */

/* Begin PBXProject section */
		ABA43A5F20E4D3FC005A198D /* Project object */ = {
			isa = PBXProject;
			attributes = {
				LastSwiftUpdateCheck = 0940;
				LastUpgradeCheck = 0940;
				ORGANIZATIONNAME = "Huy Le";
				TargetAttributes = {
					ABA43A6620E4D3FC005A198D = {
						CreatedOnToolsVersion = 9.4.1;
					};
					ABA43A7A20E4D3FE005A198D = {
						CreatedOnToolsVersion = 9.4.1;
						TestTargetID = ABA43A6620E4D3FC005A198D;
					};
				};
			};
			buildConfigurationList = ABA43A6220E4D3FC005A198D /* Build configuration list for PBXProject "ShineOn" */;
			compatibilityVersion = "Xcode 9.3";
			developmentRegion = en;
			hasScannedForEncodings = 0;
			knownRegions = (
				en,
				Base,
			);
			mainGroup = ABA43A5E20E4D3FC005A198D;
			productRefGroup = ABA43A6820E4D3FC005A198D /* Products */;
			projectDirPath = "";
			projectRoot = "";
			targets = (
				ABA43A6620E4D3FC005A198D /* ShineOn */,
				ABA43A7A20E4D3FE005A198D /* ShineOnTests */,
			);
		};
/* End PBXProject section */

/* Begin PBXResourcesBuildPhase section */
		ABA43A6520E4D3FC005A198D /* Resources */ = {
			isa = PBXResourcesBuildPhase;
			buildActionMask = 2147483647;
			files = (
				ABA43A7520E4D3FE005A198D /* LaunchScreen.storyboard in Resources */,
				ABA43A7220E4D3FE005A198D /* Assets.xcassets in Resources */,
				ABA43A7020E4D3FD005A198D /* Main.storyboard in Resources */,
			);
			runOnlyForDeploymentPostprocessing = 0;
		};
		ABA43A7920E4D3FE005A198D /* Resources */ = {
			isa = PBXResourcesBuildPhase;
			buildActionMask = 2147483647;
			files = (
			);
			runOnlyForDeploymentPostprocessing = 0;
		};
/* End PBXResourcesBuildPhase section */

/* Begin PBXSourcesBuildPhase section */
		ABA43A6320E4D3FC005A198D /* Sources */ = {
			isa = PBXSourcesBuildPhase;
			buildActionMask = 2147483647;
			files = (
				AB64AA2220E59F7D00491A81 /* Heap.swift in Sources */,
				AB64AA2920E8973400491A81 /* ReverseString.swift in Sources */,
				AB64AA3220E8ACAC00491A81 /* TwoSum.swift in Sources */,
				AB64AA3020E8A85C00491A81 /* RemoveDuplicateArray.swift in Sources */,
				ABA43A6D20E4D3FC005A198D /* ViewController.swift in Sources */,
				ABA43A6B20E4D3FC005A198D /* AppDelegate.swift in Sources */,
			);
			runOnlyForDeploymentPostprocessing = 0;
		};
		ABA43A7720E4D3FE005A198D /* Sources */ = {
			isa = PBXSourcesBuildPhase;
			buildActionMask = 2147483647;
			files = (
				ABA43A8020E4D3FE005A198D /* ShineOnTests.swift in Sources */,
				AB64AA2420E59F9100491A81 /* HeapTests.swift in Sources */,
				AB64AA2B20E8985E00491A81 /* ReverseString.swift in Sources */,
			);
			runOnlyForDeploymentPostprocessing = 0;
		};
/* End PBXSourcesBuildPhase section */

/* Begin PBXTargetDependency section */
		ABA43A7D20E4D3FE005A198D /* PBXTargetDependency */ = {
			isa = PBXTargetDependency;
			target = ABA43A6620E4D3FC005A198D /* ShineOn */;
			targetProxy = ABA43A7C20E4D3FE005A198D /* PBXContainerItemProxy */;
		};
/* End PBXTargetDependency section */

/* Begin PBXVariantGroup section */
		ABA43A6E20E4D3FD005A198D /* Main.storyboard */ = {
			isa = PBXVariantGroup;
			children = (
				ABA43A6F20E4D3FD005A198D /* Base */,
			);
			name = Main.storyboard;
			sourceTree = "<group>";
		};
		ABA43A7320E4D3FE005A198D /* LaunchScreen.storyboard */ = {
			isa = PBXVariantGroup;
			children = (
				ABA43A7420E4D3FE005A198D /* Base */,
			);
			name = LaunchScreen.storyboard;
			sourceTree = "<group>";
		};
/* End PBXVariantGroup section */

/* Begin XCBuildConfiguration section */
		ABA43A8220E4D3FE005A198D /* Debug */ = {
			isa = XCBuildConfiguration;
			buildSettings = {
				ALWAYS_SEARCH_USER_PATHS = NO;
				CLANG_ANALYZER_NONNULL = YES;
				CLANG_ANALYZER_NUMBER_OBJECT_CONVERSION = YES_AGGRESSIVE;
				CLANG_CXX_LANGUAGE_STANDARD = "gnu++14";
				CLANG_CXX_LIBRARY = "libc++";
				CLANG_ENABLE_MODULES = YES;
				CLANG_ENABLE_OBJC_ARC = YES;
				CLANG_ENABLE_OBJC_WEAK = YES;
				CLANG_WARN_BLOCK_CAPTURE_AUTORELEASING = YES;
				CLANG_WARN_BOOL_CONVERSION = YES;
				CLANG_WARN_COMMA = YES;
				CLANG_WARN_CONSTANT_CONVERSION = YES;
				CLANG_WARN_DEPRECATED_OBJC_IMPLEMENTATIONS = YES;
				CLANG_WARN_DIRECT_OBJC_ISA_USAGE = YES_ERROR;
				CLANG_WARN_DOCUMENTATION_COMMENTS = YES;
				CLANG_WARN_EMPTY_BODY = YES;
				CLANG_WARN_ENUM_CONVERSION = YES;
				CLANG_WARN_INFINITE_RECURSION = YES;
				CLANG_WARN_INT_CONVERSION = YES;
				CLANG_WARN_NON_LITERAL_NULL_CONVERSION = YES;
				CLANG_WARN_OBJC_IMPLICIT_RETAIN_SELF = YES;
				CLANG_WARN_OBJC_LITERAL_CONVERSION = YES;
				CLANG_WARN_OBJC_ROOT_CLASS = YES_ERROR;
				CLANG_WARN_RANGE_LOOP_ANALYSIS = YES;
				CLANG_WARN_STRICT_PROTOTYPES = YES;
				CLANG_WARN_SUSPICIOUS_MOVE = YES;
				CLANG_WARN_UNGUARDED_AVAILABILITY = YES_AGGRESSIVE;
				CLANG_WARN_UNREACHABLE_CODE = YES;
				CLANG_WARN__DUPLICATE_METHOD_MATCH = YES;
				CODE_SIGN_IDENTITY = "iPhone Developer";
				COPY_PHASE_STRIP = NO;
				DEBUG_INFORMATION_FORMAT = dwarf;
				ENABLE_STRICT_OBJC_MSGSEND = YES;
				ENABLE_TESTABILITY = YES;
				GCC_C_LANGUAGE_STANDARD = gnu11;
				GCC_DYNAMIC_NO_PIC = NO;
				GCC_NO_COMMON_BLOCKS = YES;
				GCC_OPTIMIZATION_LEVEL = 0;
				GCC_PREPROCESSOR_DEFINITIONS = (
					"DEBUG=1",
					"$(inherited)",
				);
				GCC_WARN_64_TO_32_BIT_CONVERSION = YES;
				GCC_WARN_ABOUT_RETURN_TYPE = YES_ERROR;
				GCC_WARN_UNDECLARED_SELECTOR = YES;
				GCC_WARN_UNINITIALIZED_AUTOS = YES_AGGRESSIVE;
				GCC_WARN_UNUSED_FUNCTION = YES;
				GCC_WARN_UNUSED_VARIABLE = YES;
				IPHONEOS_DEPLOYMENT_TARGET = 11.4;
				MTL_ENABLE_DEBUG_INFO = YES;
				ONLY_ACTIVE_ARCH = YES;
				SDKROOT = iphoneos;
				SWIFT_ACTIVE_COMPILATION_CONDITIONS = DEBUG;
				SWIFT_OPTIMIZATION_LEVEL = "-Onone";
			};
			name = Debug;
		};
		ABA43A8320E4D3FE005A198D /* Release */ = {
			isa = XCBuildConfiguration;
			buildSettings = {
				ALWAYS_SEARCH_USER_PATHS = NO;
				CLANG_ANALYZER_NONNULL = YES;
				CLANG_ANALYZER_NUMBER_OBJECT_CONVERSION = YES_AGGRESSIVE;
				CLANG_CXX_LANGUAGE_STANDARD = "gnu++14";
				CLANG_CXX_LIBRARY = "libc++";
				CLANG_ENABLE_MODULES = YES;
				CLANG_ENABLE_OBJC_ARC = YES;
				CLANG_ENABLE_OBJC_WEAK = YES;
				CLANG_WARN_BLOCK_CAPTURE_AUTORELEASING = YES;
				CLANG_WARN_BOOL_CONVERSION = YES;
				CLANG_WARN_COMMA = YES;
				CLANG_WARN_CONSTANT_CONVERSION = YES;
				CLANG_WARN_DEPRECATED_OBJC_IMPLEMENTATIONS = YES;
				CLANG_WARN_DIRECT_OBJC_ISA_USAGE = YES_ERROR;
				CLANG_WARN_DOCUMENTATION_COMMENTS = YES;
				CLANG_WARN_EMPTY_BODY = YES;
				CLANG_WARN_ENUM_CONVERSION = YES;
				CLANG_WARN_INFINITE_RECURSION = YES;
				CLANG_WARN_INT_CONVERSION = YES;
				CLANG_WARN_NON_LITERAL_NULL_CONVERSION = YES;
				CLANG_WARN_OBJC_IMPLICIT_RETAIN_SELF = YES;
				CLANG_WARN_OBJC_LITERAL_CONVERSION = YES;
				CLANG_WARN_OBJC_ROOT_CLASS = YES_ERROR;
				CLANG_WARN_RANGE_LOOP_ANALYSIS = YES;
				CLANG_WARN_STRICT_PROTOTYPES = YES;
				CLANG_WARN_SUSPICIOUS_MOVE = YES;
				CLANG_WARN_UNGUARDED_AVAILABILITY = YES_AGGRESSIVE;
				CLANG_WARN_UNREACHABLE_CODE = YES;
				CLANG_WARN__DUPLICATE_METHOD_MATCH = YES;
				CODE_SIGN_IDENTITY = "iPhone Developer";
				COPY_PHASE_STRIP = NO;
				DEBUG_INFORMATION_FORMAT = "dwarf-with-dsym";
				ENABLE_NS_ASSERTIONS = NO;
				ENABLE_STRICT_OBJC_MSGSEND = YES;
				GCC_C_LANGUAGE_STANDARD = gnu11;
				GCC_NO_COMMON_BLOCKS = YES;
				GCC_WARN_64_TO_32_BIT_CONVERSION = YES;
				GCC_WARN_ABOUT_RETURN_TYPE = YES_ERROR;
				GCC_WARN_UNDECLARED_SELECTOR = YES;
				GCC_WARN_UNINITIALIZED_AUTOS = YES_AGGRESSIVE;
				GCC_WARN_UNUSED_FUNCTION = YES;
				GCC_WARN_UNUSED_VARIABLE = YES;
				IPHONEOS_DEPLOYMENT_TARGET = 11.4;
				MTL_ENABLE_DEBUG_INFO = NO;
				SDKROOT = iphoneos;
				SWIFT_COMPILATION_MODE = wholemodule;
				SWIFT_OPTIMIZATION_LEVEL = "-O";
				VALIDATE_PRODUCT = YES;
			};
			name = Release;
		};
		ABA43A8520E4D3FE005A198D /* Debug */ = {
			isa = XCBuildConfiguration;
			buildSettings = {
				ASSETCATALOG_COMPILER_APPICON_NAME = AppIcon;
				CODE_SIGN_STYLE = Automatic;
				INFOPLIST_FILE = ShineOn/Info.plist;
				LD_RUNPATH_SEARCH_PATHS = (
					"$(inherited)",
					"@executable_path/Frameworks",
				);
				PRODUCT_BUNDLE_IDENTIFIER = huyle.ShineOn;
				PRODUCT_NAME = "$(TARGET_NAME)";
				SWIFT_VERSION = 4.0;
				TARGETED_DEVICE_FAMILY = "1,2";
			};
			name = Debug;
		};
		ABA43A8620E4D3FE005A198D /* Release */ = {
			isa = XCBuildConfiguration;
			buildSettings = {
				ASSETCATALOG_COMPILER_APPICON_NAME = AppIcon;
				CODE_SIGN_STYLE = Automatic;
				INFOPLIST_FILE = ShineOn/Info.plist;
				LD_RUNPATH_SEARCH_PATHS = (
					"$(inherited)",
					"@executable_path/Frameworks",
				);
				PRODUCT_BUNDLE_IDENTIFIER = huyle.ShineOn;
				PRODUCT_NAME = "$(TARGET_NAME)";
				SWIFT_VERSION = 4.0;
				TARGETED_DEVICE_FAMILY = "1,2";
			};
			name = Release;
		};
		ABA43A8820E4D3FE005A198D /* Debug */ = {
			isa = XCBuildConfiguration;
			buildSettings = {
				ALWAYS_EMBED_SWIFT_STANDARD_LIBRARIES = YES;
				BUNDLE_LOADER = "$(TEST_HOST)";
				CODE_SIGN_STYLE = Automatic;
				INFOPLIST_FILE = ShineOnTests/Info.plist;
				LD_RUNPATH_SEARCH_PATHS = (
					"$(inherited)",
					"@executable_path/Frameworks",
					"@loader_path/Frameworks",
				);
				PRODUCT_BUNDLE_IDENTIFIER = huyle.ShineOnTests;
				PRODUCT_NAME = "$(TARGET_NAME)";
				SWIFT_VERSION = 4.0;
				TARGETED_DEVICE_FAMILY = "1,2";
				TEST_HOST = "$(BUILT_PRODUCTS_DIR)/ShineOn.app/ShineOn";
			};
			name = Debug;
		};
		ABA43A8920E4D3FE005A198D /* Release */ = {
			isa = XCBuildConfiguration;
			buildSettings = {
				ALWAYS_EMBED_SWIFT_STANDARD_LIBRARIES = YES;
				BUNDLE_LOADER = "$(TEST_HOST)";
				CODE_SIGN_STYLE = Automatic;
				INFOPLIST_FILE = ShineOnTests/Info.plist;
				LD_RUNPATH_SEARCH_PATHS = (
					"$(inherited)",
					"@executable_path/Frameworks",
					"@loader_path/Frameworks",
				);
				PRODUCT_BUNDLE_IDENTIFIER = huyle.ShineOnTests;
				PRODUCT_NAME = "$(TARGET_NAME)";
				SWIFT_VERSION = 4.0;
				TARGETED_DEVICE_FAMILY = "1,2";
				TEST_HOST = "$(BUILT_PRODUCTS_DIR)/ShineOn.app/ShineOn";
			};
			name = Release;
		};
/* End XCBuildConfiguration section */

/* Begin XCConfigurationList section */
		ABA43A6220E4D3FC005A198D /* Build configuration list for PBXProject "ShineOn" */ = {
			isa = XCConfigurationList;
			buildConfigurations = (
				ABA43A8220E4D3FE005A198D /* Debug */,
				ABA43A8320E4D3FE005A198D /* Release */,
			);
			defaultConfigurationIsVisible = 0;
			defaultConfigurationName = Release;
		};
		ABA43A8420E4D3FE005A198D /* Build configuration list for PBXNativeTarget "ShineOn" */ = {
			isa = XCConfigurationList;
			buildConfigurations = (
				ABA43A8520E4D3FE005A198D /* Debug */,
				ABA43A8620E4D3FE005A198D /* Release */,
			);
			defaultConfigurationIsVisible = 0;
			defaultConfigurationName = Release;
		};
		ABA43A8720E4D3FE005A198D /* Build configuration list for PBXNativeTarget "ShineOnTests" */ = {
			isa = XCConfigurationList;
			buildConfigurations = (
				ABA43A8820E4D3FE005A198D /* Debug */,
				ABA43A8920E4D3FE005A198D /* Release */,
			);
			defaultConfigurationIsVisible = 0;
			defaultConfigurationName = Release;
		};
/* End XCConfigurationList section */
	};
	rootObject = ABA43A5F20E4D3FC005A198D /* Project object */;
}
